
Microsoft Visual Studio Solution File, Format Version 12.00
# Visual Studio Version 17
VisualStudioVersion = 17.8.34330.188
MinimumVisualStudioVersion = 10.0.40219.1
Project("{00D1A9C2-B5F0-4AF3-8072-F6C62B433612}") = "Database1", "Database1.sqlproj", "{9AE2268C-4F7C-44C8-BF8E-3C0840EB26D0}"
EndProject
Global
	GlobalSection(SolutionConfigurationPlatforms) = preSolution
		Debug|Any CPU = Debug|Any CPU
		Release|Any CPU = Release|Any CPU
	EndGlobalSection
	GlobalSection(ProjectConfigurationPlatforms) = postSolution
		{9AE2268C-4F7C-44C8-BF8E-3C0840EB26D0}.Debug|Any CPU.ActiveCfg = Debug|Any CPU
		{9AE2268C-4F7C-44C8-BF8E-3C0840EB26D0}.Debug|Any CPU.Build.0 = Debug|Any CPU
		{9AE2268C-4F7C-44C8-BF8E-3C0840EB26D0}.Debug|Any CPU.Deploy.0 = Debug|Any CPU
		{9AE2268C-4F7C-44C8-BF8E-3C0840EB26D0}.Release|Any CPU.ActiveCfg = Release|Any CPU
		{9AE2268C-4F7C-44C8-BF8E-3C0840EB26D0}.Release|Any CPU.Build.0 = Release|Any CPU
		{9AE2268C-4F7C-44C8-BF8E-3C0840EB26D0}.Release|Any CPU.Deploy.0 = Release|Any CPU
	EndGlobalSection
	GlobalSection(SolutionProperties) = preSolution
		HideSolutionNode = FALSE
	EndGlobalSection
	GlobalSection(ExtensibilityGlobals) = postSolution
		SolutionGuid = {CB4FBE99-C8E2-49D6-A34A-35F243E22BB3}
	EndGlobalSection
EndGlobal
